
Microsoft Visual Studio Solution File, Format Version 12.00
# Visual Studio 15
VisualStudioVersion = 15.0.28307.1433
MinimumVisualStudioVersion = 10.0.40219.1
Project("{FAE04EC0-301F-11D3-BF4B-00C04F79EFBC}") = "MensajeroApp", "MensajeroApp\MensajeroApp.csproj", "{C9264317-7FD6-46A8-9490-FE8CBA2F4A22}"
EndProject
Project("{FAE04EC0-301F-11D3-BF4B-00C04F79EFBC}") = "MensajeroModel", "MensajeroModel\MensajeroModel.csproj", "{4D730854-DA30-4C80-9094-1DF9C9C06FD6}"
EndProject
Global
	GlobalSection(SolutionConfigurationPlatforms) = preSolution
		Debug|Any CPU = Debug|Any CPU
		Release|Any CPU = Release|Any CPU
	EndGlobalSection
	GlobalSection(ProjectConfigurationPlatforms) = postSolution
		{C9264317-7FD6-46A8-9490-FE8CBA2F4A22}.Debug|Any CPU.ActiveCfg = Debug|Any CPU
		{C9264317-7FD6-46A8-9490-FE8CBA2F4A22}.Debug|Any CPU.Build.0 = Debug|Any CPU
		{C9264317-7FD6-46A8-9490-FE8CBA2F4A22}.Release|Any CPU.ActiveCfg = Release|Any CPU
		{C9264317-7FD6-46A8-9490-FE8CBA2F4A22}.Release|Any CPU.Build.0 = Release|Any CPU
		{4D730854-DA30-4C80-9094-1DF9C9C06FD6}.Debug|Any CPU.ActiveCfg = Debug|Any CPU
		{4D730854-DA30-4C80-9094-1DF9C9C06FD6}.Debug|Any CPU.Build.0 = Debug|Any CPU
		{4D730854-DA30-4C80-9094-1DF9C9C06FD6}.Release|Any CPU.ActiveCfg = Release|Any CPU
		{4D730854-DA30-4C80-9094-1DF9C9C06FD6}.Release|Any CPU.Build.0 = Release|Any CPU
	EndGlobalSection
	GlobalSection(SolutionProperties) = preSolution
		HideSolutionNode = FALSE
	EndGlobalSection
	GlobalSection(ExtensibilityGlobals) = postSolution
		SolutionGuid = {40F1EC2E-9C99-4110-9F15-98010D10B0A2}
	EndGlobalSection
EndGlobal
